{
  "name": "2026_Projet_YGO_ExcavatriceDragage",
  "lockfileVersion": 3,
  "requires": true,
  "packages": {
    "": {
      "dependencies": {
        "omniroute-agent-extension": "github:md-riaz/omniroute-pi-ext-integration"
      }
    },
    "node_modules/omniroute-agent-extension": {
      "version": "3.1.0",
      "resolved": "git+ssh://git@github.com/md-riaz/omniroute-pi-ext-integration.git#a63119ce97c8b0fb81232294b62c03e43aede982",
      "license": "MIT",
      "peerDependencies": {
        "@earendil-works/pi-coding-agent": ">=0.60.0",
        "@oh-my-pi/pi-coding-agent": ">=15.9.0"
      },
      "peerDependenciesMeta": {
        "@earendil-works/pi-coding-agent": {
          "optional": true
        },
        "@oh-my-pi/pi-coding-agent": {
          "optional": true
        }
      }
    }
  }
}
